// !$*UTF8*$!
{
	archiveVersion = 1;
	classes = {
	};
	objectVersion = 50;
	objects = {

/* Begin PBXBuildFile section */
		03C6826F24DFED8C0015F56D /* NZTrampoline.h in Headers */ = {isa = PBXBuildFile; fileRef = 03C6826D24DFED8C0015F56D /* NZTrampoline.h */; settings = {ATTRIBUTES = (Public, ); }; };
		03C6827A24DFEDB80015F56D /* NZTrampolineObjC.m in Sources */ = {isa = PBXBuildFile; fileRef = 03C6827624DFEDB80015F56D /* NZTrampolineObjC.m */; };
		03C6827C24DFEDB80015F56D /* NZTrampolineObjC.h in Headers */ = {isa = PBXBuildFile; fileRef = 03C6827824DFEDB80015F56D /* NZTrampolineObjC.h */; settings = {ATTRIBUTES = (Public, ); }; };
		03C6827D24DFEDB80015F56D /* NZTrampoline.swift in Sources */ = {isa = PBXBuildFile; fileRef = 03C6827924DFEDB80015F56D /* NZTrampoline.swift */; };
/* End PBXBuildFile section */

/* Begin PBXFileReference section */
		03C6826A24DFED8C0015F56D /* NZTrampoline.framework */ = {isa = PBXFileReference; explicitFileType = wrapper.framework; includeInIndex = 0; path = NZTrampoline.framework; sourceTree = BUILT_PRODUCTS_DIR; };
		03C6826D24DFED8C0015F56D /* NZTrampoline.h */ = {isa = PBXFileReference; lastKnownFileType = sourcecode.c.h; path = NZTrampoline.h; sourceTree = "<group>"; };
		03C6826E24DFED8C0015F56D /* Info.plist */ = {isa = PBXFileReference; lastKnownFileType = text.plist.xml; path = Info.plist; sourceTree = "<group>"; };
		03C6827624DFEDB80015F56D /* NZTrampolineObjC.m */ = {isa = PBXFileReference; fileEncoding = 4; lastKnownFileType = sourcecode.c.objc; path = NZTrampolineObjC.m; sourceTree = "<group>"; };
		03C6827824DFEDB80015F56D /* NZTrampolineObjC.h */ = {isa = PBXFileReference; fileEncoding = 4; lastKnownFileType = sourcecode.c.h; path = NZTrampolineObjC.h; sourceTree = "<group>"; };
		03C6827924DFEDB80015F56D /* NZTrampoline.swift */ = {isa = PBXFileReference; fileEncoding = 4; lastKnownFileType = sourcecode.swift; path = NZTrampoline.swift; sourceTree = "<group>"; };
/* End PBXFileReference section */

/* Begin PBXFrameworksBuildPhase section */
		03C6826724DFED8C0015F56D /* Frameworks */ = {
			isa = PBXFrameworksBuildPhase;
			buildActionMask = 2147483647;
			files = (
			);
			runOnlyForDeploymentPostprocessing = 0;
		};
/* End PBXFrameworksBuildPhase section */

/* Begin PBXGroup section */
		03C6826024DFED8C0015F56D = {
			isa = PBXGroup;
			children = (
				03C6826C24DFED8C0015F56D /* NZTrampoline */,
				03C6826B24DFED8C0015F56D /* Products */,
			);
			sourceTree = "<group>";
		};
		03C6826B24DFED8C0015F56D /* Products */ = {
			isa = PBXGroup;
			children = (
				03C6826A24DFED8C0015F56D /* NZTrampoline.framework */,
			);
			name = Products;
			sourceTree = "<group>";
		};
		03C6826C24DFED8C0015F56D /* NZTrampoline */ = {
			isa = PBXGroup;
			children = (
				03C6827524DFEDB80015F56D /* Classes */,
				03C6826D24DFED8C0015F56D /* NZTrampoline.h */,
				03C6826E24DFED8C0015F56D /* Info.plist */,
			);
			path = NZTrampoline;
			sourceTree = "<group>";
		};
		03C6827524DFEDB80015F56D /* Classes */ = {
			isa = PBXGroup;
			children = (
				03C6827624DFEDB80015F56D /* NZTrampolineObjC.m */,
				03C6827824DFEDB80015F56D /* NZTrampolineObjC.h */,
				03C6827924DFEDB80015F56D /* NZTrampoline.swift */,
			);
			path = Classes;
			sourceTree = "<group>";
		};
/* End PBXGroup section */

/* Begin PBXHeadersBuildPhase section */
		03C6826524DFED8C0015F56D /* Headers */ = {
			isa = PBXHeadersBuildPhase;
			buildActionMask = 2147483647;
			files = (
				03C6826F24DFED8C0015F56D /* NZTrampoline.h in Headers */,
				03C6827C24DFEDB80015F56D /* NZTrampolineObjC.h in Headers */,
			);
			runOnlyForDeploymentPostprocessing = 0;
		};
/* End PBXHeadersBuildPhase section */

/* Begin PBXNativeTarget section */
		03C6826924DFED8C0015F56D /* NZTrampoline */ = {
			isa = PBXNativeTarget;
			buildConfigurationList = 03C6827224DFED8C0015F56D /* Build configuration list for PBXNativeTarget "NZTrampoline" */;
			buildPhases = (
				03C6826524DFED8C0015F56D /* Headers */,
				03C6826624DFED8C0015F56D /* Sources */,
				03C6826724DFED8C0015F56D /* Frameworks */,
				03C6826824DFED8C0015F56D /* Resources */,
				03C6827E24DFF2DC0015F56D /* Remove sub-frameworks */,
			);
			buildRules = (
			);
			dependencies = (
			);
			name = NZTrampoline;
			productName = NZTrampoline;
			productReference = 03C6826A24DFED8C0015F56D /* NZTrampoline.framework */;
			productType = "com.apple.product-type.framework";
		};
/* End PBXNativeTarget section */

/* Begin PBXProject section */
		03C6826124DFED8C0015F56D /* Project object */ = {
			isa = PBXProject;
			attributes = {
				LastUpgradeCheck = 1160;
				ORGANIZATIONNAME = nizek;
				TargetAttributes = {
					03C6826924DFED8C0015F56D = {
						CreatedOnToolsVersion = 11.6;
					};
				};
			};
			buildConfigurationList = 03C6826424DFED8C0015F56D /* Build configuration list for PBXProject "NZTrampoline" */;
			compatibilityVersion = "Xcode 9.3";
			developmentRegion = en;
			hasScannedForEncodings = 0;
			knownRegions = (
				en,
				Base,
			);
			mainGroup = 03C6826024DFED8C0015F56D;
			productRefGroup = 03C6826B24DFED8C0015F56D /* Products */;
			projectDirPath = "";
			projectRoot = "";
			targets = (
				03C6826924DFED8C0015F56D /* NZTrampoline */,
			);
		};
/* End PBXProject section */

/* Begin PBXResourcesBuildPhase section */
		03C6826824DFED8C0015F56D /* Resources */ = {
			isa = PBXResourcesBuildPhase;
			buildActionMask = 2147483647;
			files = (
			);
			runOnlyForDeploymentPostprocessing = 0;
		};
/* End PBXResourcesBuildPhase section */

/* Begin PBXShellScriptBuildPhase section */
		03C6827E24DFF2DC0015F56D /* Remove sub-frameworks */ = {
			isa = PBXShellScriptBuildPhase;
			buildActionMask = 2147483647;
			files = (
			);
			inputFileListPaths = (
			);
			inputPaths = (
			);
			name = "Remove sub-frameworks";
			outputFileListPaths = (
			);
			outputPaths = (
			);
			runOnlyForDeploymentPostprocessing = 0;
			shellPath = /bin/sh;
			shellScript = "# We have to remove the sub-frameworks if any. Otherwise, Apple will reject the build on upload saying there are invalid framework bundles/bundle identifier collision etc.... read https://stackoverflow.com/questions/25777958/validation-error-invalid-bundle-the-bundle-at-contains-disallowed-file-fr\ncd \"${CONFIGURATION_BUILD_DIR}/${UNLOCALIZED_RESOURCES_FOLDER_PATH}/\"\nif [[ -d \"Frameworks\" ]]; then\n    rm -fr Frameworks\nfi\n";
		};
/* End PBXShellScriptBuildPhase section */

/* Begin PBXSourcesBuildPhase section */
		03C6826624DFED8C0015F56D /* Sources */ = {
			isa = PBXSourcesBuildPhase;
			buildActionMask = 2147483647;
			files = (
				03C6827D24DFEDB80015F56D /* NZTrampoline.swift in Sources */,
				03C6827A24DFEDB80015F56D /* NZTrampolineObjC.m in Sources */,
			);
			runOnlyForDeploymentPostprocessing = 0;
		};
/* End PBXSourcesBuildPhase section */

/* Begin XCBuildConfiguration section */
		03C6827024DFED8C0015F56D /* Debug */ = {
			isa = XCBuildConfiguration;
			buildSettings = {
				ALWAYS_SEARCH_USER_PATHS = NO;
				CLANG_ANALYZER_NONNULL = YES;
				CLANG_ANALYZER_NUMBER_OBJECT_CONVERSION = YES_AGGRESSIVE;
				CLANG_CXX_LANGUAGE_STANDARD = "gnu++14";
				CLANG_CXX_LIBRARY = "libc++";
				CLANG_ENABLE_MODULES = YES;
				CLANG_ENABLE_OBJC_ARC = YES;
				CLANG_ENABLE_OBJC_WEAK = YES;
				CLANG_WARN_BLOCK_CAPTURE_AUTORELEASING = YES;
				CLANG_WARN_BOOL_CONVERSION = YES;
				CLANG_WARN_COMMA = YES;
				CLANG_WARN_CONSTANT_CONVERSION = YES;
				CLANG_WARN_DEPRECATED_OBJC_IMPLEMENTATIONS = YES;
				CLANG_WARN_DIRECT_OBJC_ISA_USAGE = YES_ERROR;
				CLANG_WARN_DOCUMENTATION_COMMENTS = YES;
				CLANG_WARN_EMPTY_BODY = YES;
				CLANG_WARN_ENUM_CONVERSION = YES;
				CLANG_WARN_INFINITE_RECURSION = YES;
				CLANG_WARN_INT_CONVERSION = YES;
				CLANG_WARN_NON_LITERAL_NULL_CONVERSION = YES;
				CLANG_WARN_OBJC_IMPLICIT_RETAIN_SELF = YES;
				CLANG_WARN_OBJC_LITERAL_CONVERSION = YES;
				CLANG_WARN_OBJC_ROOT_CLASS = YES_ERROR;
				CLANG_WARN_RANGE_LOOP_ANALYSIS = YES;
				CLANG_WARN_STRICT_PROTOTYPES = YES;
				CLANG_WARN_SUSPICIOUS_MOVE = YES;
				CLANG_WARN_UNGUARDED_AVAILABILITY = YES_AGGRESSIVE;
				CLANG_WARN_UNREACHABLE_CODE = YES;
				CLANG_WARN__DUPLICATE_METHOD_MATCH = YES;
				COPY_PHASE_STRIP = NO;
				CURRENT_PROJECT_VERSION = 1;
				DEBUG_INFORMATION_FORMAT = dwarf;
				ENABLE_STRICT_OBJC_MSGSEND = YES;
				ENABLE_TESTABILITY = YES;
				GCC_C_LANGUAGE_STANDARD = gnu11;
				GCC_DYNAMIC_NO_PIC = NO;
				GCC_NO_COMMON_BLOCKS = YES;
				GCC_OPTIMIZATION_LEVEL = 0;
				GCC_PREPROCESSOR_DEFINITIONS = (
					"DEBUG=1",
					"$(inherited)",
				);
				GCC_WARN_64_TO_32_BIT_CONVERSION = YES;
				GCC_WARN_ABOUT_RETURN_TYPE = YES_ERROR;
				GCC_WARN_UNDECLARED_SELECTOR = YES;
				GCC_WARN_UNINITIALIZED_AUTOS = YES_AGGRESSIVE;
				GCC_WARN_UNUSED_FUNCTION = YES;
				GCC_WARN_UNUSED_VARIABLE = YES;
				IPHONEOS_DEPLOYMENT_TARGET = 13.6;
				MTL_ENABLE_DEBUG_INFO = INCLUDE_SOURCE;
				MTL_FAST_MATH = YES;
				ONLY_ACTIVE_ARCH = YES;
				SDKROOT = iphoneos;
				SWIFT_ACTIVE_COMPILATION_CONDITIONS = DEBUG;
				SWIFT_OPTIMIZATION_LEVEL = "-Onone";
				VERSIONING_SYSTEM = "apple-generic";
				VERSION_INFO_PREFIX = "";
			};
			name = Debug;
		};
		03C6827124DFED8C0015F56D /* Release */ = {
			isa = XCBuildConfiguration;
			buildSettings = {
				ALWAYS_SEARCH_USER_PATHS = NO;
				CLANG_ANALYZER_NONNULL = YES;
				CLANG_ANALYZER_NUMBER_OBJECT_CONVERSION = YES_AGGRESSIVE;
				CLANG_CXX_LANGUAGE_STANDARD = "gnu++14";
				CLANG_CXX_LIBRARY = "libc++";
				CLANG_ENABLE_MODULES = YES;
				CLANG_ENABLE_OBJC_ARC = YES;
				CLANG_ENABLE_OBJC_WEAK = YES;
				CLANG_WARN_BLOCK_CAPTURE_AUTORELEASING = YES;
				CLANG_WARN_BOOL_CONVERSION = YES;
				CLANG_WARN_COMMA = YES;
				CLANG_WARN_CONSTANT_CONVERSION = YES;
				CLANG_WARN_DEPRECATED_OBJC_IMPLEMENTATIONS = YES;
				CLANG_WARN_DIRECT_OBJC_ISA_USAGE = YES_ERROR;
				CLANG_WARN_DOCUMENTATION_COMMENTS = YES;
				CLANG_WARN_EMPTY_BODY = YES;
				CLANG_WARN_ENUM_CONVERSION = YES;
				CLANG_WARN_INFINITE_RECURSION = YES;
				CLANG_WARN_INT_CONVERSION = YES;
				CLANG_WARN_NON_LITERAL_NULL_CONVERSION = YES;
				CLANG_WARN_OBJC_IMPLICIT_RETAIN_SELF = YES;
				CLANG_WARN_OBJC_LITERAL_CONVERSION = YES;
				CLANG_WARN_OBJC_ROOT_CLASS = YES_ERROR;
				CLANG_WARN_RANGE_LOOP_ANALYSIS = YES;
				CLANG_WARN_STRICT_PROTOTYPES = YES;
				CLANG_WARN_SUSPICIOUS_MOVE = YES;
				CLANG_WARN_UNGUARDED_AVAILABILITY = YES_AGGRESSIVE;
				CLANG_WARN_UNREACHABLE_CODE = YES;
				CLANG_WARN__DUPLICATE_METHOD_MATCH = YES;
				COPY_PHASE_STRIP = NO;
				CURRENT_PROJECT_VERSION = 1;
				DEBUG_INFORMATION_FORMAT = "dwarf-with-dsym";
				ENABLE_NS_ASSERTIONS = NO;
				ENABLE_STRICT_OBJC_MSGSEND = YES;
				GCC_C_LANGUAGE_STANDARD = gnu11;
				GCC_NO_COMMON_BLOCKS = YES;
				GCC_WARN_64_TO_32_BIT_CONVERSION = YES;
				GCC_WARN_ABOUT_RETURN_TYPE = YES_ERROR;
				GCC_WARN_UNDECLARED_SELECTOR = YES;
				GCC_WARN_UNINITIALIZED_AUTOS = YES_AGGRESSIVE;
				GCC_WARN_UNUSED_FUNCTION = YES;
				GCC_WARN_UNUSED_VARIABLE = YES;
				IPHONEOS_DEPLOYMENT_TARGET = 13.6;
				MTL_ENABLE_DEBUG_INFO = NO;
				MTL_FAST_MATH = YES;
				SDKROOT = iphoneos;
				SWIFT_COMPILATION_MODE = wholemodule;
				SWIFT_OPTIMIZATION_LEVEL = "-O";
				VALIDATE_PRODUCT = YES;
				VERSIONING_SYSTEM = "apple-generic";
				VERSION_INFO_PREFIX = "";
			};
			name = Release;
		};
		03C6827324DFED8C0015F56D /* Debug */ = {
			isa = XCBuildConfiguration;
			buildSettings = {
				CODE_SIGN_STYLE = Automatic;
				DEFINES_MODULE = YES;
				DEVELOPMENT_TEAM = 35S7HUEQGP;
				DYLIB_COMPATIBILITY_VERSION = 1;
				DYLIB_CURRENT_VERSION = 1;
				DYLIB_INSTALL_NAME_BASE = "@rpath";
				INFOPLIST_FILE = NZTrampoline/Info.plist;
				INSTALL_PATH = "$(LOCAL_LIBRARY_DIR)/Frameworks";
				LD_RUNPATH_SEARCH_PATHS = (
					"$(inherited)",
					"@executable_path/Frameworks",
					"@loader_path/Frameworks",
				);
				PRODUCT_BUNDLE_IDENTIFIER = nizek.NZTrampoline;
				PRODUCT_NAME = "$(TARGET_NAME:c99extidentifier)";
				SKIP_INSTALL = YES;
				SWIFT_VERSION = 5.0;
				TARGETED_DEVICE_FAMILY = "1,2";
			};
			name = Debug;
		};
		03C6827424DFED8C0015F56D /* Release */ = {
			isa = XCBuildConfiguration;
			buildSettings = {
				CODE_SIGN_STYLE = Automatic;
				DEFINES_MODULE = YES;
				DEVELOPMENT_TEAM = 35S7HUEQGP;
				DYLIB_COMPATIBILITY_VERSION = 1;
				DYLIB_CURRENT_VERSION = 1;
				DYLIB_INSTALL_NAME_BASE = "@rpath";
				INFOPLIST_FILE = NZTrampoline/Info.plist;
				INSTALL_PATH = "$(LOCAL_LIBRARY_DIR)/Frameworks";
				LD_RUNPATH_SEARCH_PATHS = (
					"$(inherited)",
					"@executable_path/Frameworks",
					"@loader_path/Frameworks",
				);
				PRODUCT_BUNDLE_IDENTIFIER = nizek.NZTrampoline;
				PRODUCT_NAME = "$(TARGET_NAME:c99extidentifier)";
				SKIP_INSTALL = YES;
				SWIFT_VERSION = 5.0;
				TARGETED_DEVICE_FAMILY = "1,2";
			};
			name = Release;
		};
/* End XCBuildConfiguration section */

/* Begin XCConfigurationList section */
		03C6826424DFED8C0015F56D /* Build configuration list for PBXProject "NZTrampoline" */ = {
			isa = XCConfigurationList;
			buildConfigurations = (
				03C6827024DFED8C0015F56D /* Debug */,
				03C6827124DFED8C0015F56D /* Release */,
			);
			defaultConfigurationIsVisible = 0;
			defaultConfigurationName = Release;
		};
		03C6827224DFED8C0015F56D /* Build configuration list for PBXNativeTarget "NZTrampoline" */ = {
			isa = XCConfigurationList;
			buildConfigurations = (
				03C6827324DFED8C0015F56D /* Debug */,
				03C6827424DFED8C0015F56D /* Release */,
			);
			defaultConfigurationIsVisible = 0;
			defaultConfigurationName = Release;
		};
/* End XCConfigurationList section */
	};
	rootObject = 03C6826124DFED8C0015F56D /* Project object */;
}
